{
  "name": "backend",
  "lockfileVersion": 3,
  "requires": true,
  "packages": {
    "": {
      "dependencies": {
        "directus-extension-wpslug-interface": "^1.1.0"
      }
    },
    "node_modules/directus-extension-wpslug-interface": {
      "version": "1.1.0",
      "resolved": "https://registry.npmjs.org/directus-extension-wpslug-interface/-/directus-extension-wpslug-interface-1.1.0.tgz",
      "integrity": "sha512-2dk0I7QQkfVF/jlK1o4pJ8rn3UmYQAvBVSzkaTXXuRYSksJ40zfDQcFsTgoWn4x0cb2ibtPTgIIEk4yvMXpBDA==",
      "license": "gpl-3.0"
    }
  }
}
